
Microsoft Visual Studio Solution File, Format Version 12.00
# Visual Studio Version 17
VisualStudioVersion = 17.4.33213.308
MinimumVisualStudioVersion = 10.0.40219.1
Project("{FAE04EC0-301F-11D3-BF4B-00C04F79EFBC}") = "learning_csharp", "learning_csharp\learning_csharp.csproj", "{3F23C180-FC4A-4C0A-88FD-FE5E8E18C1A7}"
EndProject
Global
	GlobalSection(SolutionConfigurationPlatforms) = preSolution
		Debug|Any CPU = Debug|Any CPU
		Release|Any CPU = Release|Any CPU
	EndGlobalSection
	GlobalSection(ProjectConfigurationPlatforms) = postSolution
		{3F23C180-FC4A-4C0A-88FD-FE5E8E18C1A7}.Debug|Any CPU.ActiveCfg = Debug|Any CPU
		{3F23C180-FC4A-4C0A-88FD-FE5E8E18C1A7}.Debug|Any CPU.Build.0 = Debug|Any CPU
		{3F23C180-FC4A-4C0A-88FD-FE5E8E18C1A7}.Release|Any CPU.ActiveCfg = Release|Any CPU
		{3F23C180-FC4A-4C0A-88FD-FE5E8E18C1A7}.Release|Any CPU.Build.0 = Release|Any CPU
	EndGlobalSection
	GlobalSection(SolutionProperties) = preSolution
		HideSolutionNode = FALSE
	EndGlobalSection
	GlobalSection(ExtensibilityGlobals) = postSolution
		SolutionGuid = {0881F6AB-2FB9-41FF-80A5-054904DECB41}
	EndGlobalSection
EndGlobal
